
Microsoft Visual Studio Solution File, Format Version 12.00
# Visual Studio Version 17
VisualStudioVersion = 17.1.31903.286
MinimumVisualStudioVersion = 10.0.40219.1
Project("{9A19103F-16F7-4668-BE54-9A1E7A4F7556}") = "AlphafoldHelper", "AlphafoldHelper\AlphafoldHelper.csproj", "{D61E3EC6-B60E-4571-8091-763BEBACD377}"
EndProject
Project("{9A19103F-16F7-4668-BE54-9A1E7A4F7556}") = "AlphafoldPredictionLib", "AlphafoldPredictionLib\AlphafoldPredictionLib.csproj", "{665846B3-90C8-455D-89A3-A114D72AF929}"
EndProject
Project("{FAE04EC0-301F-11D3-BF4B-00C04F79EFBC}") = "AlphafoldDesignerUI_Blazor", "AlphafoldDesignerUI_Blazor\AlphafoldDesignerUI_Blazor.csproj", "{56107B96-7B75-4C9C-8FEC-78BAE3CD3219}"
EndProject
Project("{9A19103F-16F7-4668-BE54-9A1E7A4F7556}") = "AlphafoldDesignerUI_MudBlazor", "AlphafoldDesignerUI_MudBlazor\AlphafoldDesignerUI_MudBlazor.csproj", "{E35D76AF-E40F-4CD2-BECA-70E6C665D64E}"
EndProject
Project("{9A19103F-16F7-4668-BE54-9A1E7A4F7556}") = "AlphafoldDesignerUI_SharedViewModel", "AlphafoldDesignerUI_SharedViewModel\AlphafoldDesignerUI_SharedViewModel.csproj", "{09725CB5-4FE9-4C10-861E-F3768DE1A6AF}"
EndProject
Project("{9A19103F-16F7-4668-BE54-9A1E7A4F7556}") = "AlphafoldDesignerUI_Wpf", "AlphafoldDesignerUI_Wpf\AlphafoldDesignerUI_Wpf.csproj", "{FCFC4832-6C2B-4E3E-B6CC-610BA436756C}"
EndProject
Global
	GlobalSection(SolutionConfigurationPlatforms) = preSolution
		Debug|Any CPU = Debug|Any CPU
		Release|Any CPU = Release|Any CPU
	EndGlobalSection
	GlobalSection(ProjectConfigurationPlatforms) = postSolution
		{D61E3EC6-B60E-4571-8091-763BEBACD377}.Debug|Any CPU.ActiveCfg = Debug|Any CPU
		{D61E3EC6-B60E-4571-8091-763BEBACD377}.Debug|Any CPU.Build.0 = Debug|Any CPU
		{D61E3EC6-B60E-4571-8091-763BEBACD377}.Release|Any CPU.ActiveCfg = Release|Any CPU
		{D61E3EC6-B60E-4571-8091-763BEBACD377}.Release|Any CPU.Build.0 = Release|Any CPU
		{665846B3-90C8-455D-89A3-A114D72AF929}.Debug|Any CPU.ActiveCfg = Debug|Any CPU
		{665846B3-90C8-455D-89A3-A114D72AF929}.Debug|Any CPU.Build.0 = Debug|Any CPU
		{665846B3-90C8-455D-89A3-A114D72AF929}.Release|Any CPU.ActiveCfg = Release|Any CPU
		{665846B3-90C8-455D-89A3-A114D72AF929}.Release|Any CPU.Build.0 = Release|Any CPU
		{56107B96-7B75-4C9C-8FEC-78BAE3CD3219}.Debug|Any CPU.ActiveCfg = Debug|Any CPU
		{56107B96-7B75-4C9C-8FEC-78BAE3CD3219}.Debug|Any CPU.Build.0 = Debug|Any CPU
		{56107B96-7B75-4C9C-8FEC-78BAE3CD3219}.Release|Any CPU.ActiveCfg = Release|Any CPU
		{56107B96-7B75-4C9C-8FEC-78BAE3CD3219}.Release|Any CPU.Build.0 = Release|Any CPU
		{E35D76AF-E40F-4CD2-BECA-70E6C665D64E}.Debug|Any CPU.ActiveCfg = Debug|Any CPU
		{E35D76AF-E40F-4CD2-BECA-70E6C665D64E}.Debug|Any CPU.Build.0 = Debug|Any CPU
		{E35D76AF-E40F-4CD2-BECA-70E6C665D64E}.Release|Any CPU.ActiveCfg = Release|Any CPU
		{E35D76AF-E40F-4CD2-BECA-70E6C665D64E}.Release|Any CPU.Build.0 = Release|Any CPU
		{09725CB5-4FE9-4C10-861E-F3768DE1A6AF}.Debug|Any CPU.ActiveCfg = Debug|Any CPU
		{09725CB5-4FE9-4C10-861E-F3768DE1A6AF}.Debug|Any CPU.Build.0 = Debug|Any CPU
		{09725CB5-4FE9-4C10-861E-F3768DE1A6AF}.Release|Any CPU.ActiveCfg = Release|Any CPU
		{09725CB5-4FE9-4C10-861E-F3768DE1A6AF}.Release|Any CPU.Build.0 = Release|Any CPU
		{FCFC4832-6C2B-4E3E-B6CC-610BA436756C}.Debug|Any CPU.ActiveCfg = Debug|Any CPU
		{FCFC4832-6C2B-4E3E-B6CC-610BA436756C}.Debug|Any CPU.Build.0 = Debug|Any CPU
		{FCFC4832-6C2B-4E3E-B6CC-610BA436756C}.Release|Any CPU.ActiveCfg = Release|Any CPU
		{FCFC4832-6C2B-4E3E-B6CC-610BA436756C}.Release|Any CPU.Build.0 = Release|Any CPU
	EndGlobalSection
	GlobalSection(SolutionProperties) = preSolution
		HideSolutionNode = FALSE
	EndGlobalSection
	GlobalSection(ExtensibilityGlobals) = postSolution
		SolutionGuid = {B587DCC5-98C5-4A83-8AAD-916225955B1D}
	EndGlobalSection
EndGlobal
